
Microsoft Visual Studio Solution File, Format Version 12.00
# Visual Studio Version 17
VisualStudioVersion = 17.1.32319.34
MinimumVisualStudioVersion = 10.0.40219.1
Project("{FAE04EC0-301F-11D3-BF4B-00C04F79EFBC}") = "CommunicationDemo", "CommunicationDemo\CommunicationDemo.csproj", "{CAFC82A9-40CB-434B-A982-9758702C30F6}"
EndProject
Global
	GlobalSection(SolutionConfigurationPlatforms) = preSolution
		Debug|Any CPU = Debug|Any CPU
		Release|Any CPU = Release|Any CPU
	EndGlobalSection
	GlobalSection(ProjectConfigurationPlatforms) = postSolution
		{CAFC82A9-40CB-434B-A982-9758702C30F6}.Debug|Any CPU.ActiveCfg = Debug|Any CPU
		{CAFC82A9-40CB-434B-A982-9758702C30F6}.Debug|Any CPU.Build.0 = Debug|Any CPU
		{CAFC82A9-40CB-434B-A982-9758702C30F6}.Release|Any CPU.ActiveCfg = Release|Any CPU
		{CAFC82A9-40CB-434B-A982-9758702C30F6}.Release|Any CPU.Build.0 = Release|Any CPU
	EndGlobalSection
	GlobalSection(SolutionProperties) = preSolution
		HideSolutionNode = FALSE
	EndGlobalSection
	GlobalSection(ExtensibilityGlobals) = postSolution
		SolutionGuid = {9A19644C-E5EA-43D7-B7E4-D3C9473A9B6E}
	EndGlobalSection
EndGlobal
